
Microsoft Visual Studio Solution File, Format Version 12.00
# Visual Studio Version 17
VisualStudioVersion = 17.11.35222.181
MinimumVisualStudioVersion = 10.0.40219.1
Project("{8BC9CEB8-8B4A-11D0-8D11-00A0C91BC942}") = "Project1", "Project1\Project1.vcxproj", "{C4B3C4AE-E400-481E-9CEC-25ABA653C1B3}"
EndProject
Project("{8BC9CEB8-8B4A-11D0-8D11-00A0C91BC942}") = "Project2", "Project2\Project2.vcxproj", "{53868E46-ED9A-43A2-BF75-AAE29287DC98}"
EndProject
Project("{8BC9CEB8-8B4A-11D0-8D11-00A0C91BC942}") = "Project3", "Project3\Project3.vcxproj", "{F81E6AD0-DE0E-4315-B805-34DDB3BE8A88}"
EndProject
Project("{8BC9CEB8-8B4A-11D0-8D11-00A0C91BC942}") = "Project4", "Project4\Project4.vcxproj", "{C4A5A832-7E1B-401A-B889-701E5CBEB2A4}"
EndProject
Global
	GlobalSection(SolutionConfigurationPlatforms) = preSolution
		Debug|x64 = Debug|x64
		Debug|x86 = Debug|x86
		Release|x64 = Release|x64
		Release|x86 = Release|x86
	EndGlobalSection
	GlobalSection(ProjectConfigurationPlatforms) = postSolution
		{C4B3C4AE-E400-481E-9CEC-25ABA653C1B3}.Debug|x64.ActiveCfg = Debug|x64
		{C4B3C4AE-E400-481E-9CEC-25ABA653C1B3}.Debug|x64.Build.0 = Debug|x64
		{C4B3C4AE-E400-481E-9CEC-25ABA653C1B3}.Debug|x86.ActiveCfg = Debug|Win32
		{C4B3C4AE-E400-481E-9CEC-25ABA653C1B3}.Debug|x86.Build.0 = Debug|Win32
		{C4B3C4AE-E400-481E-9CEC-25ABA653C1B3}.Release|x64.ActiveCfg = Release|x64
		{C4B3C4AE-E400-481E-9CEC-25ABA653C1B3}.Release|x64.Build.0 = Release|x64
		{C4B3C4AE-E400-481E-9CEC-25ABA653C1B3}.Release|x86.ActiveCfg = Release|Win32
		{C4B3C4AE-E400-481E-9CEC-25ABA653C1B3}.Release|x86.Build.0 = Release|Win32
		{53868E46-ED9A-43A2-BF75-AAE29287DC98}.Debug|x64.ActiveCfg = Debug|x64
		{53868E46-ED9A-43A2-BF75-AAE29287DC98}.Debug|x64.Build.0 = Debug|x64
		{53868E46-ED9A-43A2-BF75-AAE29287DC98}.Debug|x86.ActiveCfg = Debug|Win32
		{53868E46-ED9A-43A2-BF75-AAE29287DC98}.Debug|x86.Build.0 = Debug|Win32
		{53868E46-ED9A-43A2-BF75-AAE29287DC98}.Release|x64.ActiveCfg = Release|x64
		{53868E46-ED9A-43A2-BF75-AAE29287DC98}.Release|x64.Build.0 = Release|x64
		{53868E46-ED9A-43A2-BF75-AAE29287DC98}.Release|x86.ActiveCfg = Release|Win32
		{53868E46-ED9A-43A2-BF75-AAE29287DC98}.Release|x86.Build.0 = Release|Win32
		{F81E6AD0-DE0E-4315-B805-34DDB3BE8A88}.Debug|x64.ActiveCfg = Debug|x64
		{F81E6AD0-DE0E-4315-B805-34DDB3BE8A88}.Debug|x64.Build.0 = Debug|x64
		{F81E6AD0-DE0E-4315-B805-34DDB3BE8A88}.Debug|x86.ActiveCfg = Debug|Win32
		{F81E6AD0-DE0E-4315-B805-34DDB3BE8A88}.Debug|x86.Build.0 = Debug|Win32
		{F81E6AD0-DE0E-4315-B805-34DDB3BE8A88}.Release|x64.ActiveCfg = Release|x64
		{F81E6AD0-DE0E-4315-B805-34DDB3BE8A88}.Release|x64.Build.0 = Release|x64
		{F81E6AD0-DE0E-4315-B805-34DDB3BE8A88}.Release|x86.ActiveCfg = Release|Win32
		{F81E6AD0-DE0E-4315-B805-34DDB3BE8A88}.Release|x86.Build.0 = Release|Win32
		{C4A5A832-7E1B-401A-B889-701E5CBEB2A4}.Debug|x64.ActiveCfg = Debug|x64
		{C4A5A832-7E1B-401A-B889-701E5CBEB2A4}.Debug|x64.Build.0 = Debug|x64
		{C4A5A832-7E1B-401A-B889-701E5CBEB2A4}.Debug|x86.ActiveCfg = Debug|Win32
		{C4A5A832-7E1B-401A-B889-701E5CBEB2A4}.Debug|x86.Build.0 = Debug|Win32
		{C4A5A832-7E1B-401A-B889-701E5CBEB2A4}.Release|x64.ActiveCfg = Release|x64
		{C4A5A832-7E1B-401A-B889-701E5CBEB2A4}.Release|x64.Build.0 = Release|x64
		{C4A5A832-7E1B-401A-B889-701E5CBEB2A4}.Release|x86.ActiveCfg = Release|Win32
		{C4A5A832-7E1B-401A-B889-701E5CBEB2A4}.Release|x86.Build.0 = Release|Win32
	EndGlobalSection
	GlobalSection(SolutionProperties) = preSolution
		HideSolutionNode = FALSE
	EndGlobalSection
	GlobalSection(ExtensibilityGlobals) = postSolution
		SolutionGuid = {959B7F81-857A-46E9-99BE-F17D6F491B29}
	EndGlobalSection
EndGlobal
