
Microsoft Visual Studio Solution File, Format Version 12.00
# Visual Studio Version 17
VisualStudioVersion = 17.11.35222.181
MinimumVisualStudioVersion = 10.0.40219.1
Project("{8BC9CEB8-8B4A-11D0-8D11-00A0C91BC942}") = "Project1", "Project1\Project1.vcxproj", "{C4B3C4AE-E400-481E-9CEC-25ABA653C1B3}"
EndProject
Project("{8BC9CEB8-8B4A-11D0-8D11-00A0C91BC942}") = "Project2", "Project2\Project2.vcxproj", "{53868E46-ED9A-43A2-BF75-AAE29287DC98}"
EndProject
Project("{8BC9CEB8-8B4A-11D0-8D11-00A0C91BC942}") = "Project3", "Project3\Project3.vcxproj", "{F81E6AD0-DE0E-4315-B805-34DDB3BE8A88}"
EndProject
Project("{8BC9CEB8-8B4A-11D0-8D11-00A0C91BC942}") = "Project4", "Project4\Project4.vcxproj", "{C4A5A832-7E1B-401A-B889-701E5CBEB2A4}"
EndProject
Project("{8BC9CEB8-8B4A-11D0-8D11-00A0C91BC942}") = "Project5", "Project5\Project5.vcxproj", "{02B52635-DAEC-4624-B689-BE5B945D2F0B}"
EndProject
Project("{8BC9CEB8-8B4A-11D0-8D11-00A0C91BC942}") = "Project6", "Project6\Project6.vcxproj", "{C70F91BA-C533-4C58-AFC5-5FEB28EBE4E6}"
EndProject
Project("{8BC9CEB8-8B4A-11D0-8D11-00A0C91BC942}") = "Project7", "Project7\Project7.vcxproj", "{4FBC7EFA-7AD7-4FD2-827F-0CA2F1347452}"
EndProject
Project("{8BC9CEB8-8B4A-11D0-8D11-00A0C91BC942}") = "Project8", "Project8\Project8.vcxproj", "{8482AFC1-836D-4322-A8AE-C7523A9BF13F}"
EndProject
Project("{8BC9CEB8-8B4A-11D0-8D11-00A0C91BC942}") = "Project9", "Project9\Project9.vcxproj", "{E12E5DFC-0427-4A7B-8B54-677877EB634E}"
EndProject
Project("{8BC9CEB8-8B4A-11D0-8D11-00A0C91BC942}") = "Project10", "Project10\Project10.vcxproj", "{13E68BF1-F9EE-47E5-80B5-C42FB14C5AB9}"
EndProject
Global
	GlobalSection(SolutionConfigurationPlatforms) = preSolution
		Debug|x64 = Debug|x64
		Debug|x86 = Debug|x86
		Release|x64 = Release|x64
		Release|x86 = Release|x86
	EndGlobalSection
	GlobalSection(ProjectConfigurationPlatforms) = postSolution
		{C4B3C4AE-E400-481E-9CEC-25ABA653C1B3}.Debug|x64.ActiveCfg = Debug|x64
		{C4B3C4AE-E400-481E-9CEC-25ABA653C1B3}.Debug|x64.Build.0 = Debug|x64
		{C4B3C4AE-E400-481E-9CEC-25ABA653C1B3}.Debug|x86.ActiveCfg = Debug|Win32
		{C4B3C4AE-E400-481E-9CEC-25ABA653C1B3}.Debug|x86.Build.0 = Debug|Win32
		{C4B3C4AE-E400-481E-9CEC-25ABA653C1B3}.Release|x64.ActiveCfg = Release|x64
		{C4B3C4AE-E400-481E-9CEC-25ABA653C1B3}.Release|x64.Build.0 = Release|x64
		{C4B3C4AE-E400-481E-9CEC-25ABA653C1B3}.Release|x86.ActiveCfg = Release|Win32
		{C4B3C4AE-E400-481E-9CEC-25ABA653C1B3}.Release|x86.Build.0 = Release|Win32
		{53868E46-ED9A-43A2-BF75-AAE29287DC98}.Debug|x64.ActiveCfg = Debug|x64
		{53868E46-ED9A-43A2-BF75-AAE29287DC98}.Debug|x64.Build.0 = Debug|x64
		{53868E46-ED9A-43A2-BF75-AAE29287DC98}.Debug|x86.ActiveCfg = Debug|Win32
		{53868E46-ED9A-43A2-BF75-AAE29287DC98}.Debug|x86.Build.0 = Debug|Win32
		{53868E46-ED9A-43A2-BF75-AAE29287DC98}.Release|x64.ActiveCfg = Release|x64
		{53868E46-ED9A-43A2-BF75-AAE29287DC98}.Release|x64.Build.0 = Release|x64
		{53868E46-ED9A-43A2-BF75-AAE29287DC98}.Release|x86.ActiveCfg = Release|Win32
		{53868E46-ED9A-43A2-BF75-AAE29287DC98}.Release|x86.Build.0 = Release|Win32
		{F81E6AD0-DE0E-4315-B805-34DDB3BE8A88}.Debug|x64.ActiveCfg = Debug|x64
		{F81E6AD0-DE0E-4315-B805-34DDB3BE8A88}.Debug|x64.Build.0 = Debug|x64
		{F81E6AD0-DE0E-4315-B805-34DDB3BE8A88}.Debug|x86.ActiveCfg = Debug|Win32
		{F81E6AD0-DE0E-4315-B805-34DDB3BE8A88}.Debug|x86.Build.0 = Debug|Win32
		{F81E6AD0-DE0E-4315-B805-34DDB3BE8A88}.Release|x64.ActiveCfg = Release|x64
		{F81E6AD0-DE0E-4315-B805-34DDB3BE8A88}.Release|x64.Build.0 = Release|x64
		{F81E6AD0-DE0E-4315-B805-34DDB3BE8A88}.Release|x86.ActiveCfg = Release|Win32
		{F81E6AD0-DE0E-4315-B805-34DDB3BE8A88}.Release|x86.Build.0 = Release|Win32
		{C4A5A832-7E1B-401A-B889-701E5CBEB2A4}.Debug|x64.ActiveCfg = Debug|x64
		{C4A5A832-7E1B-401A-B889-701E5CBEB2A4}.Debug|x64.Build.0 = Debug|x64
		{C4A5A832-7E1B-401A-B889-701E5CBEB2A4}.Debug|x86.ActiveCfg = Debug|Win32
		{C4A5A832-7E1B-401A-B889-701E5CBEB2A4}.Debug|x86.Build.0 = Debug|Win32
		{C4A5A832-7E1B-401A-B889-701E5CBEB2A4}.Release|x64.ActiveCfg = Release|x64
		{C4A5A832-7E1B-401A-B889-701E5CBEB2A4}.Release|x64.Build.0 = Release|x64
		{C4A5A832-7E1B-401A-B889-701E5CBEB2A4}.Release|x86.ActiveCfg = Release|Win32
		{C4A5A832-7E1B-401A-B889-701E5CBEB2A4}.Release|x86.Build.0 = Release|Win32
		{02B52635-DAEC-4624-B689-BE5B945D2F0B}.Debug|x64.ActiveCfg = Debug|x64
		{02B52635-DAEC-4624-B689-BE5B945D2F0B}.Debug|x64.Build.0 = Debug|x64
		{02B52635-DAEC-4624-B689-BE5B945D2F0B}.Debug|x86.ActiveCfg = Debug|Win32
		{02B52635-DAEC-4624-B689-BE5B945D2F0B}.Debug|x86.Build.0 = Debug|Win32
		{02B52635-DAEC-4624-B689-BE5B945D2F0B}.Release|x64.ActiveCfg = Release|x64
		{02B52635-DAEC-4624-B689-BE5B945D2F0B}.Release|x64.Build.0 = Release|x64
		{02B52635-DAEC-4624-B689-BE5B945D2F0B}.Release|x86.ActiveCfg = Release|Win32
		{02B52635-DAEC-4624-B689-BE5B945D2F0B}.Release|x86.Build.0 = Release|Win32
		{C70F91BA-C533-4C58-AFC5-5FEB28EBE4E6}.Debug|x64.ActiveCfg = Debug|x64
		{C70F91BA-C533-4C58-AFC5-5FEB28EBE4E6}.Debug|x64.Build.0 = Debug|x64
		{C70F91BA-C533-4C58-AFC5-5FEB28EBE4E6}.Debug|x86.ActiveCfg = Debug|Win32
		{C70F91BA-C533-4C58-AFC5-5FEB28EBE4E6}.Debug|x86.Build.0 = Debug|Win32
		{C70F91BA-C533-4C58-AFC5-5FEB28EBE4E6}.Release|x64.ActiveCfg = Release|x64
		{C70F91BA-C533-4C58-AFC5-5FEB28EBE4E6}.Release|x64.Build.0 = Release|x64
		{C70F91BA-C533-4C58-AFC5-5FEB28EBE4E6}.Release|x86.ActiveCfg = Release|Win32
		{C70F91BA-C533-4C58-AFC5-5FEB28EBE4E6}.Release|x86.Build.0 = Release|Win32
		{4FBC7EFA-7AD7-4FD2-827F-0CA2F1347452}.Debug|x64.ActiveCfg = Debug|x64
		{4FBC7EFA-7AD7-4FD2-827F-0CA2F1347452}.Debug|x64.Build.0 = Debug|x64
		{4FBC7EFA-7AD7-4FD2-827F-0CA2F1347452}.Debug|x86.ActiveCfg = Debug|Win32
		{4FBC7EFA-7AD7-4FD2-827F-0CA2F1347452}.Debug|x86.Build.0 = Debug|Win32
		{4FBC7EFA-7AD7-4FD2-827F-0CA2F1347452}.Release|x64.ActiveCfg = Release|x64
		{4FBC7EFA-7AD7-4FD2-827F-0CA2F1347452}.Release|x64.Build.0 = Release|x64
		{4FBC7EFA-7AD7-4FD2-827F-0CA2F1347452}.Release|x86.ActiveCfg = Release|Win32
		{4FBC7EFA-7AD7-4FD2-827F-0CA2F1347452}.Release|x86.Build.0 = Release|Win32
		{8482AFC1-836D-4322-A8AE-C7523A9BF13F}.Debug|x64.ActiveCfg = Debug|x64
		{8482AFC1-836D-4322-A8AE-C7523A9BF13F}.Debug|x64.Build.0 = Debug|x64
		{8482AFC1-836D-4322-A8AE-C7523A9BF13F}.Debug|x86.ActiveCfg = Debug|Win32
		{8482AFC1-836D-4322-A8AE-C7523A9BF13F}.Debug|x86.Build.0 = Debug|Win32
		{8482AFC1-836D-4322-A8AE-C7523A9BF13F}.Release|x64.ActiveCfg = Release|x64
		{8482AFC1-836D-4322-A8AE-C7523A9BF13F}.Release|x64.Build.0 = Release|x64
		{8482AFC1-836D-4322-A8AE-C7523A9BF13F}.Release|x86.ActiveCfg = Release|Win32
		{8482AFC1-836D-4322-A8AE-C7523A9BF13F}.Release|x86.Build.0 = Release|Win32
		{E12E5DFC-0427-4A7B-8B54-677877EB634E}.Debug|x64.ActiveCfg = Debug|x64
		{E12E5DFC-0427-4A7B-8B54-677877EB634E}.Debug|x64.Build.0 = Debug|x64
		{E12E5DFC-0427-4A7B-8B54-677877EB634E}.Debug|x86.ActiveCfg = Debug|Win32
		{E12E5DFC-0427-4A7B-8B54-677877EB634E}.Debug|x86.Build.0 = Debug|Win32
		{E12E5DFC-0427-4A7B-8B54-677877EB634E}.Release|x64.ActiveCfg = Release|x64
		{E12E5DFC-0427-4A7B-8B54-677877EB634E}.Release|x64.Build.0 = Release|x64
		{E12E5DFC-0427-4A7B-8B54-677877EB634E}.Release|x86.ActiveCfg = Release|Win32
		{E12E5DFC-0427-4A7B-8B54-677877EB634E}.Release|x86.Build.0 = Release|Win32
		{13E68BF1-F9EE-47E5-80B5-C42FB14C5AB9}.Debug|x64.ActiveCfg = Debug|x64
		{13E68BF1-F9EE-47E5-80B5-C42FB14C5AB9}.Debug|x64.Build.0 = Debug|x64
		{13E68BF1-F9EE-47E5-80B5-C42FB14C5AB9}.Debug|x86.ActiveCfg = Debug|Win32
		{13E68BF1-F9EE-47E5-80B5-C42FB14C5AB9}.Debug|x86.Build.0 = Debug|Win32
		{13E68BF1-F9EE-47E5-80B5-C42FB14C5AB9}.Release|x64.ActiveCfg = Release|x64
		{13E68BF1-F9EE-47E5-80B5-C42FB14C5AB9}.Release|x64.Build.0 = Release|x64
		{13E68BF1-F9EE-47E5-80B5-C42FB14C5AB9}.Release|x86.ActiveCfg = Release|Win32
		{13E68BF1-F9EE-47E5-80B5-C42FB14C5AB9}.Release|x86.Build.0 = Release|Win32
	EndGlobalSection
	GlobalSection(SolutionProperties) = preSolution
		HideSolutionNode = FALSE
	EndGlobalSection
	GlobalSection(ExtensibilityGlobals) = postSolution
		SolutionGuid = {959B7F81-857A-46E9-99BE-F17D6F491B29}
	EndGlobalSection
EndGlobal
